
Microsoft Visual Studio Solution File, Format Version 12.00
# Visual Studio Version 17
VisualStudioVersion = 17.5.002.0
MinimumVisualStudioVersion = 10.0.40219.1
Project("{9A19103F-16F7-4668-BE54-9A1E7A4F7556}") = "webapi", "webapi.csproj", "{C34BAD41-9E80-4EB1-86D5-6FEEA192BA73}"
EndProject
Global
	GlobalSection(SolutionConfigurationPlatforms) = preSolution
		Debug|Any CPU = Debug|Any CPU
		Release|Any CPU = Release|Any CPU
	EndGlobalSection
	GlobalSection(ProjectConfigurationPlatforms) = postSolution
		{C34BAD41-9E80-4EB1-86D5-6FEEA192BA73}.Debug|Any CPU.ActiveCfg = Debug|Any CPU
		{C34BAD41-9E80-4EB1-86D5-6FEEA192BA73}.Debug|Any CPU.Build.0 = Debug|Any CPU
		{C34BAD41-9E80-4EB1-86D5-6FEEA192BA73}.Release|Any CPU.ActiveCfg = Release|Any CPU
		{C34BAD41-9E80-4EB1-86D5-6FEEA192BA73}.Release|Any CPU.Build.0 = Release|Any CPU
	EndGlobalSection
	GlobalSection(SolutionProperties) = preSolution
		HideSolutionNode = FALSE
	EndGlobalSection
	GlobalSection(ExtensibilityGlobals) = postSolution
		SolutionGuid = {87C39CEA-A09C-45E3-BE6B-709E93D944A7}
	EndGlobalSection
EndGlobal
